
Microsoft Visual Studio Solution File, Format Version 12.00
# Visual Studio Version 17
VisualStudioVersion = 17.9.34701.34
MinimumVisualStudioVersion = 10.0.40219.1
Project("{FAE04EC0-301F-11D3-BF4B-00C04F79EFBC}") = "Labaratorka 4 ex.1", "Labaratorka 4 ex.1\Labaratorka 4 ex.1.csproj", "{C1E2FD78-5AC1-4E0A-A52A-C82C38D79526}"
EndProject
Global
	GlobalSection(SolutionConfigurationPlatforms) = preSolution
		Debug|Any CPU = Debug|Any CPU
		Release|Any CPU = Release|Any CPU
	EndGlobalSection
	GlobalSection(ProjectConfigurationPlatforms) = postSolution
		{C1E2FD78-5AC1-4E0A-A52A-C82C38D79526}.Debug|Any CPU.ActiveCfg = Debug|Any CPU
		{C1E2FD78-5AC1-4E0A-A52A-C82C38D79526}.Debug|Any CPU.Build.0 = Debug|Any CPU
		{C1E2FD78-5AC1-4E0A-A52A-C82C38D79526}.Release|Any CPU.ActiveCfg = Release|Any CPU
		{C1E2FD78-5AC1-4E0A-A52A-C82C38D79526}.Release|Any CPU.Build.0 = Release|Any CPU
	EndGlobalSection
	GlobalSection(SolutionProperties) = preSolution
		HideSolutionNode = FALSE
	EndGlobalSection
	GlobalSection(ExtensibilityGlobals) = postSolution
		SolutionGuid = {ABE62236-CF7A-4260-95A5-1A9782463B39}
	EndGlobalSection
EndGlobal
